
Microsoft Visual Studio Solution File, Format Version 12.00
# Visual Studio 15
VisualStudioVersion = 15.0.28307.168
MinimumVisualStudioVersion = 10.0.40219.1
Project("{FAE04EC0-301F-11D3-BF4B-00C04F79EFBC}") = "ProjetoCadastroLojaDesktop", "ProjetoCadastroLojaDesktop\ProjetoCadastroLojaDesktop.csproj", "{B7EB890D-F9A5-4B7E-96AA-6026C6815B46}"
EndProject
Project("{FAE04EC0-301F-11D3-BF4B-00C04F79EFBC}") = "Loja", "Loja\Loja.csproj", "{EC1AF2DF-5D18-4B86-B4CF-91622E0F6FAD}"
EndProject
Project("{FAE04EC0-301F-11D3-BF4B-00C04F79EFBC}") = "LojaManager", "LojaManager\LojaManager.csproj", "{A3640E50-76F8-4A45-AF38-3AC9A90D0A02}"
EndProject
Project("{FAE04EC0-301F-11D3-BF4B-00C04F79EFBC}") = "WebAPI", "WebAPI\WebAPI.csproj", "{837E70F3-7A1D-4118-9B2B-2D36074A3A12}"
EndProject
Global
	GlobalSection(SolutionConfigurationPlatforms) = preSolution
		Debug|Any CPU = Debug|Any CPU
		Release|Any CPU = Release|Any CPU
	EndGlobalSection
	GlobalSection(ProjectConfigurationPlatforms) = postSolution
		{B7EB890D-F9A5-4B7E-96AA-6026C6815B46}.Debug|Any CPU.ActiveCfg = Debug|Any CPU
		{B7EB890D-F9A5-4B7E-96AA-6026C6815B46}.Debug|Any CPU.Build.0 = Debug|Any CPU
		{B7EB890D-F9A5-4B7E-96AA-6026C6815B46}.Release|Any CPU.ActiveCfg = Release|Any CPU
		{B7EB890D-F9A5-4B7E-96AA-6026C6815B46}.Release|Any CPU.Build.0 = Release|Any CPU
		{EC1AF2DF-5D18-4B86-B4CF-91622E0F6FAD}.Debug|Any CPU.ActiveCfg = Debug|Any CPU
		{EC1AF2DF-5D18-4B86-B4CF-91622E0F6FAD}.Debug|Any CPU.Build.0 = Debug|Any CPU
		{EC1AF2DF-5D18-4B86-B4CF-91622E0F6FAD}.Release|Any CPU.ActiveCfg = Release|Any CPU
		{EC1AF2DF-5D18-4B86-B4CF-91622E0F6FAD}.Release|Any CPU.Build.0 = Release|Any CPU
		{A3640E50-76F8-4A45-AF38-3AC9A90D0A02}.Debug|Any CPU.ActiveCfg = Debug|Any CPU
		{A3640E50-76F8-4A45-AF38-3AC9A90D0A02}.Debug|Any CPU.Build.0 = Debug|Any CPU
		{A3640E50-76F8-4A45-AF38-3AC9A90D0A02}.Release|Any CPU.ActiveCfg = Release|Any CPU
		{A3640E50-76F8-4A45-AF38-3AC9A90D0A02}.Release|Any CPU.Build.0 = Release|Any CPU
		{837E70F3-7A1D-4118-9B2B-2D36074A3A12}.Debug|Any CPU.ActiveCfg = Debug|Any CPU
		{837E70F3-7A1D-4118-9B2B-2D36074A3A12}.Debug|Any CPU.Build.0 = Debug|Any CPU
		{837E70F3-7A1D-4118-9B2B-2D36074A3A12}.Release|Any CPU.ActiveCfg = Release|Any CPU
		{837E70F3-7A1D-4118-9B2B-2D36074A3A12}.Release|Any CPU.Build.0 = Release|Any CPU
	EndGlobalSection
	GlobalSection(SolutionProperties) = preSolution
		HideSolutionNode = FALSE
	EndGlobalSection
	GlobalSection(ExtensibilityGlobals) = postSolution
		SolutionGuid = {F21067B5-52F7-4D96-B83B-DB7C6F97610A}
	EndGlobalSection
EndGlobal
